
Microsoft Visual Studio Solution File, Format Version 12.00
# Visual Studio Version 17
VisualStudioVersion = 17.3.32519.111
MinimumVisualStudioVersion = 15.0.26124.0
Project("{2150E333-8FDC-42A3-9474-1A3956D46DE8}") = "src", "src", "{1DCCD6F8-06A5-45D2-81E8-AA1DFC8D57D0}"
	ProjectSection(SolutionItems) = preProject
		src\Directory.Build.props = src\Directory.Build.props
		src\Directory.Build.targets = src\Directory.Build.targets
	EndProjectSection
EndProject
Project("{9A19103F-16F7-4668-BE54-9A1E7A4F7556}") = "TinyLogger", "src\TinyLogger\TinyLogger.csproj", "{C996C1A7-085D-4F8E-97F5-A42E26E5FDAA}"
EndProject
Project("{2150E333-8FDC-42A3-9474-1A3956D46DE8}") = "samples", "samples", "{7E2C9496-4085-4B77-978A-DE764AE14789}"
EndProject
Project("{9A19103F-16F7-4668-BE54-9A1E7A4F7556}") = "ConsoleSample", "samples\ConsoleSample\ConsoleSample.csproj", "{B8215ECC-8CDD-4546-9A9B-B0EBF4CCE693}"
EndProject
Project("{2150E333-8FDC-42A3-9474-1A3956D46DE8}") = "test", "test", "{191BFFBF-9868-4A7F-BAA6-41E740E7CC39}"
	ProjectSection(SolutionItems) = preProject
		test\Directory.Build.props = test\Directory.Build.props
	EndProjectSection
EndProject
Project("{9A19103F-16F7-4668-BE54-9A1E7A4F7556}") = "TinyLogger.Tests", "test\TinyLogger.Tests\TinyLogger.Tests.csproj", "{71E740DE-03B7-4E9D-BA2F-BC7BA1A4047B}"
EndProject
Project("{9A19103F-16F7-4668-BE54-9A1E7A4F7556}") = "GenericHostSample", "samples\GenericHostSample\GenericHostSample.csproj", "{B0DB35E0-2D8A-4686-8EBD-C4F04EFE4C34}"
EndProject
Project("{2150E333-8FDC-42A3-9474-1A3956D46DE8}") = "config", "config", "{29200C92-226C-49E0-AEEB-05E303A75108}"
	ProjectSection(SolutionItems) = preProject
		.editorconfig = .editorconfig
		.gitignore = .gitignore
		global.json = global.json
	EndProjectSection
EndProject
Project("{FAE04EC0-301F-11D3-BF4B-00C04F79EFBC}") = "TinyLogger.Benchmarks", "test\TinyLogger.Benchmarks\TinyLogger.Benchmarks.csproj", "{4194E703-6CC6-4DC4-B7DF-7ADCE2D0E99A}"
EndProject
Global
	GlobalSection(SolutionConfigurationPlatforms) = preSolution
		Debug|Any CPU = Debug|Any CPU
		Debug|x64 = Debug|x64
		Debug|x86 = Debug|x86
		Release|Any CPU = Release|Any CPU
		Release|x64 = Release|x64
		Release|x86 = Release|x86
	EndGlobalSection
	GlobalSection(ProjectConfigurationPlatforms) = postSolution
		{C996C1A7-085D-4F8E-97F5-A42E26E5FDAA}.Debug|Any CPU.ActiveCfg = Debug|Any CPU
		{C996C1A7-085D-4F8E-97F5-A42E26E5FDAA}.Debug|Any CPU.Build.0 = Debug|Any CPU
		{C996C1A7-085D-4F8E-97F5-A42E26E5FDAA}.Debug|x64.ActiveCfg = Debug|Any CPU
		{C996C1A7-085D-4F8E-97F5-A42E26E5FDAA}.Debug|x64.Build.0 = Debug|Any CPU
		{C996C1A7-085D-4F8E-97F5-A42E26E5FDAA}.Debug|x86.ActiveCfg = Debug|Any CPU
		{C996C1A7-085D-4F8E-97F5-A42E26E5FDAA}.Debug|x86.Build.0 = Debug|Any CPU
		{C996C1A7-085D-4F8E-97F5-A42E26E5FDAA}.Release|Any CPU.ActiveCfg = Release|Any CPU
		{C996C1A7-085D-4F8E-97F5-A42E26E5FDAA}.Release|Any CPU.Build.0 = Release|Any CPU
		{C996C1A7-085D-4F8E-97F5-A42E26E5FDAA}.Release|x64.ActiveCfg = Release|Any CPU
		{C996C1A7-085D-4F8E-97F5-A42E26E5FDAA}.Release|x64.Build.0 = Release|Any CPU
		{C996C1A7-085D-4F8E-97F5-A42E26E5FDAA}.Release|x86.ActiveCfg = Release|Any CPU
		{C996C1A7-085D-4F8E-97F5-A42E26E5FDAA}.Release|x86.Build.0 = Release|Any CPU
		{B8215ECC-8CDD-4546-9A9B-B0EBF4CCE693}.Debug|Any CPU.ActiveCfg = Debug|Any CPU
		{B8215ECC-8CDD-4546-9A9B-B0EBF4CCE693}.Debug|Any CPU.Build.0 = Debug|Any CPU
		{B8215ECC-8CDD-4546-9A9B-B0EBF4CCE693}.Debug|x64.ActiveCfg = Debug|Any CPU
		{B8215ECC-8CDD-4546-9A9B-B0EBF4CCE693}.Debug|x64.Build.0 = Debug|Any CPU
		{B8215ECC-8CDD-4546-9A9B-B0EBF4CCE693}.Debug|x86.ActiveCfg = Debug|Any CPU
		{B8215ECC-8CDD-4546-9A9B-B0EBF4CCE693}.Debug|x86.Build.0 = Debug|Any CPU
		{B8215ECC-8CDD-4546-9A9B-B0EBF4CCE693}.Release|Any CPU.ActiveCfg = Release|Any CPU
		{B8215ECC-8CDD-4546-9A9B-B0EBF4CCE693}.Release|Any CPU.Build.0 = Release|Any CPU
		{B8215ECC-8CDD-4546-9A9B-B0EBF4CCE693}.Release|x64.ActiveCfg = Release|Any CPU
		{B8215ECC-8CDD-4546-9A9B-B0EBF4CCE693}.Release|x64.Build.0 = Release|Any CPU
		{B8215ECC-8CDD-4546-9A9B-B0EBF4CCE693}.Release|x86.ActiveCfg = Release|Any CPU
		{B8215ECC-8CDD-4546-9A9B-B0EBF4CCE693}.Release|x86.Build.0 = Release|Any CPU
		{71E740DE-03B7-4E9D-BA2F-BC7BA1A4047B}.Debug|Any CPU.ActiveCfg = Debug|Any CPU
		{71E740DE-03B7-4E9D-BA2F-BC7BA1A4047B}.Debug|Any CPU.Build.0 = Debug|Any CPU
		{71E740DE-03B7-4E9D-BA2F-BC7BA1A4047B}.Debug|x64.ActiveCfg = Debug|Any CPU
		{71E740DE-03B7-4E9D-BA2F-BC7BA1A4047B}.Debug|x64.Build.0 = Debug|Any CPU
		{71E740DE-03B7-4E9D-BA2F-BC7BA1A4047B}.Debug|x86.ActiveCfg = Debug|Any CPU
		{71E740DE-03B7-4E9D-BA2F-BC7BA1A4047B}.Debug|x86.Build.0 = Debug|Any CPU
		{71E740DE-03B7-4E9D-BA2F-BC7BA1A4047B}.Release|Any CPU.ActiveCfg = Release|Any CPU
		{71E740DE-03B7-4E9D-BA2F-BC7BA1A4047B}.Release|Any CPU.Build.0 = Release|Any CPU
		{71E740DE-03B7-4E9D-BA2F-BC7BA1A4047B}.Release|x64.ActiveCfg = Release|Any CPU
		{71E740DE-03B7-4E9D-BA2F-BC7BA1A4047B}.Release|x64.Build.0 = Release|Any CPU
		{71E740DE-03B7-4E9D-BA2F-BC7BA1A4047B}.Release|x86.ActiveCfg = Release|Any CPU
		{71E740DE-03B7-4E9D-BA2F-BC7BA1A4047B}.Release|x86.Build.0 = Release|Any CPU
		{B0DB35E0-2D8A-4686-8EBD-C4F04EFE4C34}.Debug|Any CPU.ActiveCfg = Debug|Any CPU
		{B0DB35E0-2D8A-4686-8EBD-C4F04EFE4C34}.Debug|Any CPU.Build.0 = Debug|Any CPU
		{B0DB35E0-2D8A-4686-8EBD-C4F04EFE4C34}.Debug|x64.ActiveCfg = Debug|Any CPU
		{B0DB35E0-2D8A-4686-8EBD-C4F04EFE4C34}.Debug|x64.Build.0 = Debug|Any CPU
		{B0DB35E0-2D8A-4686-8EBD-C4F04EFE4C34}.Debug|x86.ActiveCfg = Debug|Any CPU
		{B0DB35E0-2D8A-4686-8EBD-C4F04EFE4C34}.Debug|x86.Build.0 = Debug|Any CPU
		{B0DB35E0-2D8A-4686-8EBD-C4F04EFE4C34}.Release|Any CPU.ActiveCfg = Release|Any CPU
		{B0DB35E0-2D8A-4686-8EBD-C4F04EFE4C34}.Release|Any CPU.Build.0 = Release|Any CPU
		{B0DB35E0-2D8A-4686-8EBD-C4F04EFE4C34}.Release|x64.ActiveCfg = Release|Any CPU
		{B0DB35E0-2D8A-4686-8EBD-C4F04EFE4C34}.Release|x64.Build.0 = Release|Any CPU
		{B0DB35E0-2D8A-4686-8EBD-C4F04EFE4C34}.Release|x86.ActiveCfg = Release|Any CPU
		{B0DB35E0-2D8A-4686-8EBD-C4F04EFE4C34}.Release|x86.Build.0 = Release|Any CPU
		{4194E703-6CC6-4DC4-B7DF-7ADCE2D0E99A}.Debug|Any CPU.ActiveCfg = Debug|Any CPU
		{4194E703-6CC6-4DC4-B7DF-7ADCE2D0E99A}.Debug|Any CPU.Build.0 = Debug|Any CPU
		{4194E703-6CC6-4DC4-B7DF-7ADCE2D0E99A}.Debug|x64.ActiveCfg = Debug|Any CPU
		{4194E703-6CC6-4DC4-B7DF-7ADCE2D0E99A}.Debug|x64.Build.0 = Debug|Any CPU
		{4194E703-6CC6-4DC4-B7DF-7ADCE2D0E99A}.Debug|x86.ActiveCfg = Debug|Any CPU
		{4194E703-6CC6-4DC4-B7DF-7ADCE2D0E99A}.Debug|x86.Build.0 = Debug|Any CPU
		{4194E703-6CC6-4DC4-B7DF-7ADCE2D0E99A}.Release|Any CPU.ActiveCfg = Release|Any CPU
		{4194E703-6CC6-4DC4-B7DF-7ADCE2D0E99A}.Release|Any CPU.Build.0 = Release|Any CPU
		{4194E703-6CC6-4DC4-B7DF-7ADCE2D0E99A}.Release|x64.ActiveCfg = Release|Any CPU
		{4194E703-6CC6-4DC4-B7DF-7ADCE2D0E99A}.Release|x64.Build.0 = Release|Any CPU
		{4194E703-6CC6-4DC4-B7DF-7ADCE2D0E99A}.Release|x86.ActiveCfg = Release|Any CPU
		{4194E703-6CC6-4DC4-B7DF-7ADCE2D0E99A}.Release|x86.Build.0 = Release|Any CPU
	EndGlobalSection
	GlobalSection(SolutionProperties) = preSolution
		HideSolutionNode = FALSE
	EndGlobalSection
	GlobalSection(NestedProjects) = preSolution
		{C996C1A7-085D-4F8E-97F5-A42E26E5FDAA} = {1DCCD6F8-06A5-45D2-81E8-AA1DFC8D57D0}
		{B8215ECC-8CDD-4546-9A9B-B0EBF4CCE693} = {7E2C9496-4085-4B77-978A-DE764AE14789}
		{71E740DE-03B7-4E9D-BA2F-BC7BA1A4047B} = {191BFFBF-9868-4A7F-BAA6-41E740E7CC39}
		{B0DB35E0-2D8A-4686-8EBD-C4F04EFE4C34} = {7E2C9496-4085-4B77-978A-DE764AE14789}
		{4194E703-6CC6-4DC4-B7DF-7ADCE2D0E99A} = {191BFFBF-9868-4A7F-BAA6-41E740E7CC39}
	EndGlobalSection
	GlobalSection(ExtensibilityGlobals) = postSolution
		SolutionGuid = {1EF6C817-2657-4480-81FB-3325F13F7975}
	EndGlobalSection
EndGlobal
